
Microsoft Visual Studio Solution File, Format Version 12.00
# Visual Studio Version 17
VisualStudioVersion = 17.7.34031.279
MinimumVisualStudioVersion = 10.0.40219.1
Project("{FAE04EC0-301F-11D3-BF4B-00C04F79EFBC}") = "PublisherSubscriberPattern", "PublisherSubscriberPattern\PublisherSubscriberPattern.csproj", "{459C78BA-8624-4D15-8567-D2E25C133713}"
EndProject
Global
	GlobalSection(SolutionConfigurationPlatforms) = preSolution
		Debug|Any CPU = Debug|Any CPU
		Release|Any CPU = Release|Any CPU
	EndGlobalSection
	GlobalSection(ProjectConfigurationPlatforms) = postSolution
		{459C78BA-8624-4D15-8567-D2E25C133713}.Debug|Any CPU.ActiveCfg = Debug|Any CPU
		{459C78BA-8624-4D15-8567-D2E25C133713}.Debug|Any CPU.Build.0 = Debug|Any CPU
		{459C78BA-8624-4D15-8567-D2E25C133713}.Release|Any CPU.ActiveCfg = Release|Any CPU
		{459C78BA-8624-4D15-8567-D2E25C133713}.Release|Any CPU.Build.0 = Release|Any CPU
	EndGlobalSection
	GlobalSection(SolutionProperties) = preSolution
		HideSolutionNode = FALSE
	EndGlobalSection
	GlobalSection(ExtensibilityGlobals) = postSolution
		SolutionGuid = {BB657B8F-A3D8-4804-8024-FA9D875D3A02}
	EndGlobalSection
EndGlobal
