
Microsoft Visual Studio Solution File, Format Version 12.00
# Visual Studio Version 17
VisualStudioVersion = 17.7.34031.279
MinimumVisualStudioVersion = 10.0.40219.1
Project("{9A19103F-16F7-4668-BE54-9A1E7A4F7556}") = "PublisherSubscriberPattern.Domain", "Src\PublisherSubscriberPattern.Domain\PublisherSubscriberPattern.Domain.csproj", "{16D5A3AF-9B8D-4577-B8A4-19D9452753A2}"
EndProject
Project("{9A19103F-16F7-4668-BE54-9A1E7A4F7556}") = "PublisherSubscriberPattern.Api", "Src\PublisherSubscriberPattern.Api\PublisherSubscriberPattern.Api.csproj", "{201A8839-1AD0-4608-AA8F-42F44D7910A8}"
EndProject
Project("{2150E333-8FDC-42A3-9474-1A3956D46DE8}") = "Src", "Src", "{F2881ED9-2C6D-4DFD-9BA3-9A7AA2AE3975}"
EndProject
Project("{2150E333-8FDC-42A3-9474-1A3956D46DE8}") = "Docs", "Docs", "{45D6536E-682B-40AB-AF8D-566A392F9B09}"
	ProjectSection(SolutionItems) = preProject
		Docs\CleanArchitecture.pdf = Docs\CleanArchitecture.pdf
		Docs\README.md = Docs\README.md
	EndProjectSection
EndProject
Global
	GlobalSection(SolutionConfigurationPlatforms) = preSolution
		Debug|Any CPU = Debug|Any CPU
		Release|Any CPU = Release|Any CPU
	EndGlobalSection
	GlobalSection(ProjectConfigurationPlatforms) = postSolution
		{16D5A3AF-9B8D-4577-B8A4-19D9452753A2}.Debug|Any CPU.ActiveCfg = Debug|Any CPU
		{16D5A3AF-9B8D-4577-B8A4-19D9452753A2}.Debug|Any CPU.Build.0 = Debug|Any CPU
		{16D5A3AF-9B8D-4577-B8A4-19D9452753A2}.Release|Any CPU.ActiveCfg = Release|Any CPU
		{16D5A3AF-9B8D-4577-B8A4-19D9452753A2}.Release|Any CPU.Build.0 = Release|Any CPU
		{201A8839-1AD0-4608-AA8F-42F44D7910A8}.Debug|Any CPU.ActiveCfg = Debug|Any CPU
		{201A8839-1AD0-4608-AA8F-42F44D7910A8}.Debug|Any CPU.Build.0 = Debug|Any CPU
		{201A8839-1AD0-4608-AA8F-42F44D7910A8}.Release|Any CPU.ActiveCfg = Release|Any CPU
		{201A8839-1AD0-4608-AA8F-42F44D7910A8}.Release|Any CPU.Build.0 = Release|Any CPU
	EndGlobalSection
	GlobalSection(SolutionProperties) = preSolution
		HideSolutionNode = FALSE
	EndGlobalSection
	GlobalSection(NestedProjects) = preSolution
		{16D5A3AF-9B8D-4577-B8A4-19D9452753A2} = {F2881ED9-2C6D-4DFD-9BA3-9A7AA2AE3975}
		{201A8839-1AD0-4608-AA8F-42F44D7910A8} = {F2881ED9-2C6D-4DFD-9BA3-9A7AA2AE3975}
	EndGlobalSection
	GlobalSection(ExtensibilityGlobals) = postSolution
		SolutionGuid = {BB657B8F-A3D8-4804-8024-FA9D875D3A02}
	EndGlobalSection
EndGlobal
